{
  "version": 4,
  "terraform_version": "1.6.2",
  "serial": 77,
  "lineage": "d1c40624-6d3b-8925-d74d-745767f61883",
  "outputs": {
    "royal_user_pool_client_id": {
      "value": "719ignnblkrug9rteu5ldvk0am",
      "type": "string"
    },
    "royal_user_pool_id": {
      "value": "us-east-1_cOfUOBIr2",
      "type": "string"
    }
  },
  "resources": [
    {
      "module": "module.royal_api",
      "mode": "data",
      "type": "archive_file",
      "name": "welcome_check_in_message_archive_file",
      "provider": "provider[\"registry.terraform.io/hashicorp/archive\"]",
      "instances": [
        {
          "schema_version": 0,
          "attributes": {
            "exclude_symlink_directories": null,
            "excludes": null,
            "id": "b7e5e30e61a3670af8313e0e79f6dc41e35aa17c",
            "output_base64sha256": "atNAfTSeH2I4Kw+IHY5fAK+FxTNqyyLEEGf7foiHBoA=",
            "output_base64sha512": "zVGxo8Ic+IwCx5i5dp/zdEw0LCoKTNmyXr+31HF7ngltTS1ZXoTQ6rx/gXjlbAvmU6D+HiTN+Wy5fzudL2DLgw==",
            "output_file_mode": null,
            "output_md5": "49fdcded977839b0e2643b73eea290bc",
            "output_path": "api-gateway/files/welcome-check-in-message-code.zip",
            "output_sha": "b7e5e30e61a3670af8313e0e79f6dc41e35aa17c",
            "output_sha256": "6ad3407d349e1f62382b0f881d8e5f00af85c5336acb22c41067fb7e88870680",
            "output_sha512": "cd51b1a3c21cf88c02c798b9769ff3744c342c2a0a4cd9b25ebfb7d4717b9e096d4d2d595e84d0eabc7f8178e56c0be653a0fe1e24cdf96cb97f3b9d2f60cb83",
            "output_size": 433,
            "source": [],
            "source_content": null,
            "source_content_filename": null,
            "source_dir": "api-gateway/welcome-check-in-message-code",
            "source_file": null,
            "type": "zip"
          },
          "sensitive_attributes": []
        }
      ]
    },
    {
      "module": "module.royal_api",
      "mode": "managed",
      "type": "aws_api_gateway_authorizer",
      "name": "api_authorizer",
      "provider": "provider[\"registry.terraform.io/hashicorp/aws\"]",
      "instances": [
        {
          "schema_version": 0,
          "attributes": {
            "arn": "arn:aws:apigateway:us-east-1::/restapis/d5dfy02i30/authorizers/5wnyl2",
            "authorizer_credentials": "",
            "authorizer_result_ttl_in_seconds": 300,
            "authorizer_uri": "",
            "id": "5wnyl2",
            "identity_source": "method.request.header.Authorization",
            "identity_validation_expression": "",
            "name": "CognitoUserPoolAuthorizer",
            "provider_arns": [
              "arn:aws:cognito-idp:us-east-1:914643601265:userpool/us-east-1_cOfUOBIr2"
            ],
            "rest_api_id": "d5dfy02i30",
            "type": "COGNITO_USER_POOLS"
          },
          "sensitive_attributes": [],
          "private": "bnVsbA==",
          "dependencies": [
            "module.royal_api.aws_api_gateway_rest_api.rest_api",
            "module.royal_cognito.aws_cognito_user_pool.tastefoodsystem_user_pool"
          ]
        }
      ]
    },
    {
      "module": "module.royal_api",
      "mode": "managed",
      "type": "aws_api_gateway_deployment",
      "name": "api_deployment",
      "provider": "provider[\"registry.terraform.io/hashicorp/aws\"]",
      "instances": [
        {
          "schema_version": 0,
          "attributes": {
            "created_date": "2023-11-05T21:49:53Z",
            "description": "",
            "execution_arn": "arn:aws:execute-api:us-east-1:914643601265:d5dfy02i30/DEV",
            "id": "auoty9",
            "invoke_url": "https://d5dfy02i30.execute-api.us-east-1.amazonaws.com/DEV",
            "rest_api_id": "d5dfy02i30",
            "stage_description": null,
            "stage_name": "DEV",
            "triggers": null,
            "variables": null
          },
          "sensitive_attributes": [],
          "private": "bnVsbA==",
          "dependencies": [
            "module.royal_api.aws_api_gateway_authorizer.api_authorizer",
            "module.royal_api.aws_api_gateway_integration.check_in_api_integration",
            "module.royal_api.aws_api_gateway_method.check_in_api_method",
            "module.royal_api.aws_api_gateway_resource.check_in_resource",
            "module.royal_api.aws_api_gateway_rest_api.rest_api",
            "module.royal_api.aws_iam_role.role_api_gateway",
            "module.royal_api.aws_lambda_function.welcome_check_in_message_lambda",
            "module.royal_api.data.archive_file.welcome_check_in_message_archive_file",
            "module.royal_cognito.aws_cognito_user_pool.tastefoodsystem_user_pool",
            "module.util_layer.aws_lambda_layer_version.util_layer",
            "module.util_layer.data.archive_file.util_layer_code_lambda"
          ],
          "create_before_destroy": true
        }
      ]
    },
    {
      "module": "module.royal_api",
      "mode": "managed",
      "type": "aws_api_gateway_integration",
      "name": "check_in_api_integration",
      "provider": "provider[\"registry.terraform.io/hashicorp/aws\"]",
      "instances": [
        {
          "schema_version": 0,
          "attributes": {
            "cache_key_parameters": [],
            "cache_namespace": "bijsz2",
            "connection_id": "",
            "connection_type": "INTERNET",
            "content_handling": "",
            "credentials": "",
            "http_method": "GET",
            "id": "agi-d5dfy02i30-bijsz2-GET",
            "integration_http_method": "POST",
            "passthrough_behavior": "WHEN_NO_MATCH",
            "request_parameters": {},
            "request_templates": {},
            "resource_id": "bijsz2",
            "rest_api_id": "d5dfy02i30",
            "timeout_milliseconds": 29000,
            "tls_config": [],
            "type": "AWS_PROXY",
            "uri": "arn:aws:apigateway:us-east-1:lambda:path/2015-03-31/functions/arn:aws:lambda:us-east-1:914643601265:function:welcomeRoyalCheckInMessage/invocations"
          },
          "sensitive_attributes": [],
          "private": "bnVsbA==",
          "dependencies": [
            "module.royal_api.aws_api_gateway_authorizer.api_authorizer",
            "module.royal_api.aws_api_gateway_method.check_in_api_method",
            "module.royal_api.aws_api_gateway_resource.check_in_resource",
            "module.royal_api.aws_api_gateway_rest_api.rest_api",
            "module.royal_api.aws_iam_role.role_api_gateway",
            "module.royal_api.aws_lambda_function.welcome_check_in_message_lambda",
            "module.royal_api.data.archive_file.welcome_check_in_message_archive_file",
            "module.royal_cognito.aws_cognito_user_pool.tastefoodsystem_user_pool",
            "module.util_layer.aws_lambda_layer_version.util_layer",
            "module.util_layer.data.archive_file.util_layer_code_lambda"
          ],
          "create_before_destroy": true
        }
      ]
    },
    {
      "module": "module.royal_api",
      "mode": "managed",
      "type": "aws_api_gateway_method",
      "name": "check_in_api_method",
      "provider": "provider[\"registry.terraform.io/hashicorp/aws\"]",
      "instances": [
        {
          "schema_version": 0,
          "attributes": {
            "api_key_required": false,
            "authorization": "COGNITO_USER_POOLS",
            "authorization_scopes": [],
            "authorizer_id": "5wnyl2",
            "http_method": "GET",
            "id": "agm-d5dfy02i30-bijsz2-GET",
            "operation_name": "",
            "request_models": {},
            "request_parameters": {
              "method.request.path.proxy": true
            },
            "request_validator_id": "",
            "resource_id": "bijsz2",
            "rest_api_id": "d5dfy02i30"
          },
          "sensitive_attributes": [],
          "private": "bnVsbA==",
          "dependencies": [
            "module.royal_api.aws_api_gateway_authorizer.api_authorizer",
            "module.royal_api.aws_api_gateway_resource.check_in_resource",
            "module.royal_api.aws_api_gateway_rest_api.rest_api",
            "module.royal_cognito.aws_cognito_user_pool.tastefoodsystem_user_pool"
          ],
          "create_before_destroy": true
        }
      ]
    },
    {
      "module": "module.royal_api",
      "mode": "managed",
      "type": "aws_api_gateway_method_response",
      "name": "check_in_method_response",
      "provider": "provider[\"registry.terraform.io/hashicorp/aws\"]",
      "instances": [
        {
          "index_key": "200",
          "schema_version": 0,
          "attributes": {
            "http_method": "GET",
            "id": "agmr-d5dfy02i30-bijsz2-GET-200",
            "resource_id": "bijsz2",
            "response_models": {},
            "response_parameters": {},
            "rest_api_id": "d5dfy02i30",
            "status_code": "200"
          },
          "sensitive_attributes": [],
          "private": "bnVsbA==",
          "dependencies": [
            "module.royal_api.aws_api_gateway_authorizer.api_authorizer",
            "module.royal_api.aws_api_gateway_method.check_in_api_method",
            "module.royal_api.aws_api_gateway_resource.check_in_resource",
            "module.royal_api.aws_api_gateway_rest_api.rest_api",
            "module.royal_cognito.aws_cognito_user_pool.tastefoodsystem_user_pool"
          ]
        },
        {
          "index_key": "500",
          "schema_version": 0,
          "attributes": {
            "http_method": "GET",
            "id": "agmr-d5dfy02i30-bijsz2-GET-500",
            "resource_id": "bijsz2",
            "response_models": {},
            "response_parameters": {},
            "rest_api_id": "d5dfy02i30",
            "status_code": "500"
          },
          "sensitive_attributes": [],
          "private": "bnVsbA==",
          "dependencies": [
            "module.royal_api.aws_api_gateway_authorizer.api_authorizer",
            "module.royal_api.aws_api_gateway_method.check_in_api_method",
            "module.royal_api.aws_api_gateway_resource.check_in_resource",
            "module.royal_api.aws_api_gateway_rest_api.rest_api",
            "module.royal_cognito.aws_cognito_user_pool.tastefoodsystem_user_pool"
          ]
        }
      ]
    },
    {
      "module": "module.royal_api",
      "mode": "managed",
      "type": "aws_api_gateway_resource",
      "name": "check_in_resource",
      "provider": "provider[\"registry.terraform.io/hashicorp/aws\"]",
      "instances": [
        {
          "schema_version": 0,
          "attributes": {
            "id": "bijsz2",
            "parent_id": "lidj5vo66h",
            "path": "/check-in",
            "path_part": "check-in",
            "rest_api_id": "d5dfy02i30"
          },
          "sensitive_attributes": [],
          "private": "bnVsbA==",
          "dependencies": [
            "module.royal_api.aws_api_gateway_rest_api.rest_api"
          ],
          "create_before_destroy": true
        }
      ]
    },
    {
      "module": "module.royal_api",
      "mode": "managed",
      "type": "aws_api_gateway_rest_api",
      "name": "rest_api",
      "provider": "provider[\"registry.terraform.io/hashicorp/aws\"]",
      "instances": [
        {
          "schema_version": 0,
          "attributes": {
            "api_key_source": "HEADER",
            "arn": "arn:aws:apigateway:us-east-1::/restapis/d5dfy02i30",
            "binary_media_types": [],
            "body": null,
            "created_date": "2023-11-05T21:42:54Z",
            "description": "TasteFood API",
            "disable_execute_api_endpoint": false,
            "endpoint_configuration": [
              {
                "types": [
                  "EDGE"
                ],
                "vpc_endpoint_ids": []
              }
            ],
            "execution_arn": "arn:aws:execute-api:us-east-1:914643601265:d5dfy02i30",
            "fail_on_warnings": null,
            "id": "d5dfy02i30",
            "minimum_compression_size": "",
            "name": "TasteFood API",
            "parameters": null,
            "policy": "",
            "put_rest_api_mode": null,
            "root_resource_id": "lidj5vo66h",
            "tags": {},
            "tags_all": {}
          },
          "sensitive_attributes": [],
          "private": "bnVsbA=="
        }
      ]
    },
    {
      "module": "module.royal_api",
      "mode": "managed",
      "type": "aws_iam_role",
      "name": "role_api_gateway",
      "provider": "provider[\"registry.terraform.io/hashicorp/aws\"]",
      "instances": [
        {
          "schema_version": 0,
          "attributes": {
            "arn": "arn:aws:iam::914643601265:role/role_royal_api_gateway_lambda",
            "assume_role_policy": "{\"Statement\":[{\"Action\":\"sts:AssumeRole\",\"Effect\":\"Allow\",\"Principal\":{\"Service\":\"lambda.amazonaws.com\"},\"Sid\":\"\"}],\"Version\":\"2012-10-17\"}",
            "create_date": "2023-11-05T21:42:54Z",
            "description": "",
            "force_detach_policies": false,
            "id": "role_royal_api_gateway_lambda",
            "inline_policy": [],
            "managed_policy_arns": [
              "arn:aws:iam::aws:policy/service-role/AWSLambdaBasicExecutionRole"
            ],
            "max_session_duration": 3600,
            "name": "role_royal_api_gateway_lambda",
            "name_prefix": "",
            "path": "/",
            "permissions_boundary": "",
            "tags": {},
            "tags_all": {},
            "unique_id": "AROA5J5IBY5YWFV6CVQGU"
          },
          "sensitive_attributes": [],
          "private": "bnVsbA==",
          "create_before_destroy": true
        }
      ]
    },
    {
      "module": "module.royal_api",
      "mode": "managed",
      "type": "aws_iam_role_policy_attachment",
      "name": "aws_lambda_basic_execution_role_attachment",
      "provider": "provider[\"registry.terraform.io/hashicorp/aws\"]",
      "instances": [
        {
          "schema_version": 0,
          "attributes": {
            "id": "role_royal_api_gateway_lambda-20231105214255364700000001",
            "policy_arn": "arn:aws:iam::aws:policy/service-role/AWSLambdaBasicExecutionRole",
            "role": "role_royal_api_gateway_lambda"
          },
          "sensitive_attributes": [],
          "private": "bnVsbA==",
          "dependencies": [
            "module.royal_api.aws_iam_role.role_api_gateway"
          ]
        }
      ]
    },
    {
      "module": "module.royal_api",
      "mode": "managed",
      "type": "aws_lambda_function",
      "name": "welcome_check_in_message_lambda",
      "provider": "provider[\"registry.terraform.io/hashicorp/aws\"]",
      "instances": [
        {
          "schema_version": 0,
          "attributes": {
            "architectures": [
              "x86_64"
            ],
            "arn": "arn:aws:lambda:us-east-1:914643601265:function:welcomeRoyalCheckInMessage",
            "code_signing_config_arn": "",
            "dead_letter_config": [],
            "description": "",
            "environment": [],
            "ephemeral_storage": [
              {
                "size": 512
              }
            ],
            "file_system_config": [],
            "filename": "api-gateway/files/welcome-check-in-message-code.zip",
            "function_name": "welcomeRoyalCheckInMessage",
            "handler": "main.handler",
            "id": "welcomeRoyalCheckInMessage",
            "image_config": [],
            "image_uri": "",
            "invoke_arn": "arn:aws:apigateway:us-east-1:lambda:path/2015-03-31/functions/arn:aws:lambda:us-east-1:914643601265:function:welcomeRoyalCheckInMessage/invocations",
            "kms_key_arn": "",
            "last_modified": "2023-11-06T02:16:48.000+0000",
            "layers": [
              "arn:aws:lambda:us-east-1:914643601265:layer:utilLayer:1"
            ],
            "memory_size": 128,
            "package_type": "Zip",
            "publish": false,
            "qualified_arn": "arn:aws:lambda:us-east-1:914643601265:function:welcomeRoyalCheckInMessage:1",
            "qualified_invoke_arn": "arn:aws:apigateway:us-east-1:lambda:path/2015-03-31/functions/arn:aws:lambda:us-east-1:914643601265:function:welcomeRoyalCheckInMessage:1/invocations",
            "replace_security_groups_on_destroy": null,
            "replacement_security_group_ids": null,
            "reserved_concurrent_executions": -1,
            "role": "arn:aws:iam::914643601265:role/role_royal_api_gateway_lambda",
            "runtime": "nodejs16.x",
            "s3_bucket": null,
            "s3_key": null,
            "s3_object_version": null,
            "signing_job_arn": "",
            "signing_profile_version_arn": "",
            "skip_destroy": false,
            "snap_start": [],
            "source_code_hash": "atNAfTSeH2I4Kw+IHY5fAK+FxTNqyyLEEGf7foiHBoA=",
            "source_code_size": 433,
            "tags": {},
            "tags_all": {},
            "timeout": 3,
            "timeouts": null,
            "tracing_config": [
              {
                "mode": "PassThrough"
              }
            ],
            "version": "1",
            "vpc_config": []
          },
          "sensitive_attributes": [],
          "private": "eyJlMmJmYjczMC1lY2FhLTExZTYtOGY4OC0zNDM2M2JjN2M0YzAiOnsiY3JlYXRlIjo2MDAwMDAwMDAwMDAsImRlbGV0ZSI6NjAwMDAwMDAwMDAwLCJ1cGRhdGUiOjYwMDAwMDAwMDAwMH19",
          "dependencies": [
            "module.royal_api.aws_iam_role.role_api_gateway",
            "module.royal_api.data.archive_file.welcome_check_in_message_archive_file",
            "module.util_layer.aws_lambda_layer_version.util_layer",
            "module.util_layer.data.archive_file.util_layer_code_lambda"
          ],
          "create_before_destroy": true
        }
      ]
    },
    {
      "module": "module.royal_api",
      "mode": "managed",
      "type": "aws_lambda_permission",
      "name": "apigw_lambda_permission",
      "provider": "provider[\"registry.terraform.io/hashicorp/aws\"]",
      "instances": [
        {
          "schema_version": 0,
          "attributes": {
            "action": "lambda:InvokeFunction",
            "event_source_token": null,
            "function_name": "welcomeRoyalCheckInMessage",
            "function_url_auth_type": null,
            "id": "AllowExecutionFromAPIGateway",
            "principal": "apigateway.amazonaws.com",
            "principal_org_id": null,
            "qualifier": "",
            "source_account": null,
            "source_arn": "arn:aws:execute-api:us-east-1:914643601265:d5dfy02i30/*/GET/check-in",
            "statement_id": "AllowExecutionFromAPIGateway",
            "statement_id_prefix": ""
          },
          "sensitive_attributes": [],
          "private": "bnVsbA==",
          "dependencies": [
            "module.royal_api.aws_api_gateway_authorizer.api_authorizer",
            "module.royal_api.aws_api_gateway_method.check_in_api_method",
            "module.royal_api.aws_api_gateway_resource.check_in_resource",
            "module.royal_api.aws_api_gateway_rest_api.rest_api",
            "module.royal_api.aws_iam_role.role_api_gateway",
            "module.royal_api.aws_lambda_function.welcome_check_in_message_lambda",
            "module.royal_api.data.archive_file.welcome_check_in_message_archive_file",
            "module.royal_cognito.aws_cognito_user_pool.tastefoodsystem_user_pool",
            "module.util_layer.aws_lambda_layer_version.util_layer",
            "module.util_layer.data.archive_file.util_layer_code_lambda"
          ]
        }
      ]
    },
    {
      "module": "module.royal_cognito",
      "mode": "managed",
      "type": "aws_cognito_user_pool",
      "name": "tastefoodsystem_user_pool",
      "provider": "provider[\"registry.terraform.io/hashicorp/aws\"]",
      "instances": [
        {
          "schema_version": 0,
          "attributes": {
            "account_recovery_setting": [
              {
                "recovery_mechanism": [
                  {
                    "name": "verified_email",
                    "priority": 1
                  },
                  {
                    "name": "verified_phone_number",
                    "priority": 2
                  }
                ]
              }
            ],
            "admin_create_user_config": [
              {
                "allow_admin_create_user_only": false,
                "invite_message_template": []
              }
            ],
            "alias_attributes": [
              "email"
            ],
            "arn": "arn:aws:cognito-idp:us-east-1:914643601265:userpool/us-east-1_cOfUOBIr2",
            "auto_verified_attributes": [
              "email"
            ],
            "creation_date": "2023-11-06T02:27:10Z",
            "custom_domain": "",
            "deletion_protection": "INACTIVE",
            "device_configuration": [],
            "domain": "",
            "email_configuration": [
              {
                "configuration_set": "",
                "email_sending_account": "COGNITO_DEFAULT",
                "from_email_address": "",
                "reply_to_email_address": "",
                "source_arn": ""
              }
            ],
            "email_verification_message": "Please use the following code: {####}",
            "email_verification_subject": "Your Verification Code",
            "endpoint": "cognito-idp.us-east-1.amazonaws.com/us-east-1_cOfUOBIr2",
            "estimated_number_of_users": 0,
            "id": "us-east-1_cOfUOBIr2",
            "lambda_config": [],
            "last_modified_date": "2023-11-06T02:27:10Z",
            "mfa_configuration": "OFF",
            "name": "tasteFoodSystemUserPool",
            "password_policy": [
              {
                "minimum_length": 6,
                "require_lowercase": true,
                "require_numbers": true,
                "require_symbols": true,
                "require_uppercase": true,
                "temporary_password_validity_days": 7
              }
            ],
            "schema": [
              {
                "attribute_data_type": "String",
                "developer_only_attribute": false,
                "mutable": true,
                "name": "cpf",
                "number_attribute_constraints": [],
                "required": false,
                "string_attribute_constraints": [
                  {
                    "max_length": "11",
                    "min_length": "11"
                  }
                ]
              },
              {
                "attribute_data_type": "String",
                "developer_only_attribute": false,
                "mutable": true,
                "name": "email",
                "number_attribute_constraints": [],
                "required": true,
                "string_attribute_constraints": [
                  {
                    "max_length": "256",
                    "min_length": "7"
                  }
                ]
              },
              {
                "attribute_data_type": "String",
                "developer_only_attribute": false,
                "mutable": true,
                "name": "name",
                "number_attribute_constraints": [],
                "required": true,
                "string_attribute_constraints": [
                  {
                    "max_length": "256",
                    "min_length": "3"
                  }
                ]
              }
            ],
            "sms_authentication_message": "",
            "sms_configuration": [],
            "sms_verification_message": "",
            "software_token_mfa_configuration": [],
            "tags": null,
            "tags_all": {},
            "user_attribute_update_settings": [],
            "user_pool_add_ons": [],
            "username_attributes": null,
            "username_configuration": [
              {
                "case_sensitive": false
              }
            ],
            "verification_message_template": [
              {
                "default_email_option": "CONFIRM_WITH_CODE",
                "email_message": "Please use the following code: {####}",
                "email_message_by_link": "",
                "email_subject": "Your Verification Code",
                "email_subject_by_link": "",
                "sms_message": ""
              }
            ]
          },
          "sensitive_attributes": [],
          "private": "bnVsbA=="
        }
      ]
    },
    {
      "module": "module.royal_cognito",
      "mode": "managed",
      "type": "aws_cognito_user_pool_client",
      "name": "tastefoodsystem_user_pool_client",
      "provider": "provider[\"registry.terraform.io/hashicorp/aws\"]",
      "instances": [
        {
          "schema_version": 0,
          "attributes": {
            "access_token_validity": 0,
            "allowed_oauth_flows": [],
            "allowed_oauth_flows_user_pool_client": false,
            "allowed_oauth_scopes": [],
            "analytics_configuration": [],
            "auth_session_validity": 3,
            "callback_urls": [],
            "client_secret": "",
            "default_redirect_uri": "",
            "enable_propagate_additional_user_context_data": false,
            "enable_token_revocation": true,
            "explicit_auth_flows": [
              "ALLOW_REFRESH_TOKEN_AUTH",
              "ALLOW_USER_PASSWORD_AUTH"
            ],
            "generate_secret": null,
            "id": "719ignnblkrug9rteu5ldvk0am",
            "id_token_validity": 0,
            "logout_urls": [],
            "name": "tasteFoodSystemUserPoolClient",
            "prevent_user_existence_errors": "",
            "read_attributes": [],
            "refresh_token_validity": 30,
            "supported_identity_providers": [],
            "token_validity_units": [],
            "user_pool_id": "us-east-1_cOfUOBIr2",
            "write_attributes": []
          },
          "sensitive_attributes": [],
          "dependencies": [
            "module.royal_cognito.aws_cognito_user_pool.tastefoodsystem_user_pool"
          ]
        }
      ]
    },
    {
      "module": "module.util_layer",
      "mode": "data",
      "type": "archive_file",
      "name": "util_layer_code_lambda",
      "provider": "provider[\"registry.terraform.io/hashicorp/archive\"]",
      "instances": [
        {
          "schema_version": 0,
          "attributes": {
            "exclude_symlink_directories": null,
            "excludes": null,
            "id": "62609852acea3d68f73479a3f1cd0554830be272",
            "output_base64sha256": "sCzv7bD+Nhqmlq3BOECb6FVskENDJq39jljsQHjz0PM=",
            "output_base64sha512": "4lmf9kMibaQokYWmMdjx+7IY1B0up33llQTWUePwH6Kv0lt8ADrRf7Wtumv+mdBjcf0ZXouJFF396hBhi1+0ZA==",
            "output_file_mode": null,
            "output_md5": "8452c782bd8ad8eda6a7d7497896e062",
            "output_path": "util-layer/files/util-layer-code.zip",
            "output_sha": "62609852acea3d68f73479a3f1cd0554830be272",
            "output_sha256": "b02cefedb0fe361aa696adc138409be8556c90434326adfd8e58ec4078f3d0f3",
            "output_sha512": "e2599ff643226da4289185a631d8f1fbb218d41d2ea77de59504d651e3f01fa2afd25b7c003ad17fb5adba6bfe99d06371fd195e8b89145dfdea10618b5fb464",
            "output_size": 810,
            "source": [],
            "source_content": null,
            "source_content_filename": null,
            "source_dir": "util-layer/util-layer-code",
            "source_file": null,
            "type": "zip"
          },
          "sensitive_attributes": []
        }
      ]
    },
    {
      "module": "module.util_layer",
      "mode": "managed",
      "type": "aws_lambda_layer_version",
      "name": "util_layer",
      "provider": "provider[\"registry.terraform.io/hashicorp/aws\"]",
      "instances": [
        {
          "schema_version": 0,
          "attributes": {
            "arn": "arn:aws:lambda:us-east-1:914643601265:layer:utilLayer:1",
            "compatible_architectures": [],
            "compatible_runtimes": [
              "nodejs16.x"
            ],
            "created_date": "2023-11-05T21:42:59.244+0000",
            "description": "",
            "filename": "util-layer/files/util-layer-code.zip",
            "id": "arn:aws:lambda:us-east-1:914643601265:layer:utilLayer:1",
            "layer_arn": "arn:aws:lambda:us-east-1:914643601265:layer:utilLayer",
            "layer_name": "utilLayer",
            "license_info": "",
            "s3_bucket": null,
            "s3_key": null,
            "s3_object_version": null,
            "signing_job_arn": "",
            "signing_profile_version_arn": "",
            "skip_destroy": false,
            "source_code_hash": "sCzv7bD+Nhqmlq3BOECb6FVskENDJq39jljsQHjz0PM=",
            "source_code_size": 810,
            "version": "1"
          },
          "sensitive_attributes": [],
          "private": "bnVsbA==",
          "dependencies": [
            "module.util_layer.data.archive_file.util_layer_code_lambda"
          ],
          "create_before_destroy": true
        }
      ]
    }
  ],
  "check_results": null
}